
Microsoft Visual Studio Solution File, Format Version 12.00
# Visual Studio Version 17
VisualStudioVersion = 17.9.34723.18
MinimumVisualStudioVersion = 10.0.40219.1
Project("{9A19103F-16F7-4668-BE54-9A1E7A4F7556}") = "FOURTITUDEASIA", "FOURTITUDEASIA\FOURTITUDEASIA.csproj", "{0A1C7544-8F7E-4E2D-8849-2E0A75576C1F}"
EndProject
Global
	GlobalSection(SolutionConfigurationPlatforms) = preSolution
		Debug|Any CPU = Debug|Any CPU
		Release|Any CPU = Release|Any CPU
	EndGlobalSection
	GlobalSection(ProjectConfigurationPlatforms) = postSolution
		{0A1C7544-8F7E-4E2D-8849-2E0A75576C1F}.Debug|Any CPU.ActiveCfg = Debug|Any CPU
		{0A1C7544-8F7E-4E2D-8849-2E0A75576C1F}.Debug|Any CPU.Build.0 = Debug|Any CPU
		{0A1C7544-8F7E-4E2D-8849-2E0A75576C1F}.Release|Any CPU.ActiveCfg = Release|Any CPU
		{0A1C7544-8F7E-4E2D-8849-2E0A75576C1F}.Release|Any CPU.Build.0 = Release|Any CPU
	EndGlobalSection
	GlobalSection(SolutionProperties) = preSolution
		HideSolutionNode = FALSE
	EndGlobalSection
	GlobalSection(ExtensibilityGlobals) = postSolution
		SolutionGuid = {2581353B-C015-43E8-A9FF-8FE12F3461B2}
	EndGlobalSection
EndGlobal
